
Microsoft Visual Studio Solution File, Format Version 12.00
# Visual Studio Version 17
VisualStudioVersion = 17.8.34525.116
MinimumVisualStudioVersion = 10.0.40219.1
Project("{FAE04EC0-301F-11D3-BF4B-00C04F79EFBC}") = "FoodsConnectedAPI", "FoodsConnectedAPI\FoodsConnectedAPI.csproj", "{97A3A6DE-002E-43BF-AC6C-8EC68534C60F}"
EndProject
Project("{FAE04EC0-301F-11D3-BF4B-00C04F79EFBC}") = "FoodsConnectedAPITestProject", "FoodsConnectedAPITestProject\FoodsConnectedAPITestProject.csproj", "{F1E8E61F-AAA3-4B18-90E6-6DFFAF0231C7}"
EndProject
Global
	GlobalSection(SolutionConfigurationPlatforms) = preSolution
		Debug|Any CPU = Debug|Any CPU
		Release|Any CPU = Release|Any CPU
	EndGlobalSection
	GlobalSection(ProjectConfigurationPlatforms) = postSolution
		{97A3A6DE-002E-43BF-AC6C-8EC68534C60F}.Debug|Any CPU.ActiveCfg = Debug|Any CPU
		{97A3A6DE-002E-43BF-AC6C-8EC68534C60F}.Debug|Any CPU.Build.0 = Debug|Any CPU
		{97A3A6DE-002E-43BF-AC6C-8EC68534C60F}.Release|Any CPU.ActiveCfg = Release|Any CPU
		{97A3A6DE-002E-43BF-AC6C-8EC68534C60F}.Release|Any CPU.Build.0 = Release|Any CPU
		{F1E8E61F-AAA3-4B18-90E6-6DFFAF0231C7}.Debug|Any CPU.ActiveCfg = Debug|Any CPU
		{F1E8E61F-AAA3-4B18-90E6-6DFFAF0231C7}.Debug|Any CPU.Build.0 = Debug|Any CPU
		{F1E8E61F-AAA3-4B18-90E6-6DFFAF0231C7}.Release|Any CPU.ActiveCfg = Release|Any CPU
		{F1E8E61F-AAA3-4B18-90E6-6DFFAF0231C7}.Release|Any CPU.Build.0 = Release|Any CPU
	EndGlobalSection
	GlobalSection(SolutionProperties) = preSolution
		HideSolutionNode = FALSE
	EndGlobalSection
	GlobalSection(ExtensibilityGlobals) = postSolution
		SolutionGuid = {ACA93AEA-0ED9-464D-BF0D-28A861BC6F32}
	EndGlobalSection
EndGlobal
